# This file is automatically @generated by Cargo.
# It is not intended for manual editing.
version = 3

[[package]]
name = "cc"
version = "1.1.7"
source = "registry+https://github.com/rust-lang/crates.io-index"
checksum = "26a5c3fd7bfa1ce3897a3a3501d362b2d87b7f2583ebcb4a949ec25911025cbc"

[[package]]
name = "fullstack_fragments"
version = "0.1.0"
dependencies = [
 "sqlite",
]

[[package]]
name = "pkg-config"
version = "0.3.30"
source = "registry+https://github.com/rust-lang/crates.io-index"
checksum = "d231b230927b5e4ad203db57bbcbee2802f6bce620b1e4a9024a07d94e2907ec"

[[package]]
name = "sqlite"
version = "0.36.0"
source = "registry+https://github.com/rust-lang/crates.io-index"
checksum = "274e5a9a0968bc9797fd3fe75a544cbcd3e3c2a111cb1c11cb8a0290f9684cb2"
dependencies = [
 "sqlite3-sys",
]

[[package]]
name = "sqlite3-src"
version = "0.6.1"
source = "registry+https://github.com/rust-lang/crates.io-index"
checksum = "174d4a6df77c27db281fb23de1a6d968f3aaaa4807c2a1afa8056b971f947b4a"
dependencies = [
 "cc",
 "pkg-config",
]

[[package]]
name = "sqlite3-sys"
version = "0.17.0"
source = "registry+https://github.com/rust-lang/crates.io-index"
checksum = "3901ada7090c3c3584dc92ec7ef1b7091868d13bfe6d7de9f0bcaffee7d0ade5"
dependencies = [
 "sqlite3-src",
]
